[[package]]
name = "aes"
version = "0.3.1"
source = "registry+https://github.com/rust-lang/crates.io-index"
dependencies = [
 "aes-soft 0.3.2 (registry+https://github.com/rust-lang/crates.io-index)",
 "aesni 0.5.1 (registry+https://github.com/rust-lang/crates.io-index)",
 "block-cipher-trait 0.6.1 (registry+https://github.com/rust-lang/crates.io-index)",
]

[[package]]
name = "aes-soft"
version = "0.3.2"
source = "registry+https://github.com/rust-lang/crates.io-index"
dependencies = [
 "block-cipher-trait 0.6.1 (registry+https://github.com/rust-lang/crates.io-index)",
 "byteorder 1.2.7 (registry+https://github.com/rust-lang/crates.io-index)",
 "opaque-debug 0.2.1 (registry+https://github.com/rust-lang/crates.io-index)",
]

[[package]]
name = "aesni"
version = "0.5.1"
source = "registry+https://github.com/rust-lang/crates.io-index"
dependencies = [
 "block-cipher-trait 0.6.1 (registry+https://github.com/rust-lang/crates.io-index)",
 "opaque-debug 0.2.1 (registry+https://github.com/rust-lang/crates.io-index)",
]

[[package]]
name = "assert_approx_eq"
version = "1.0.0"
source = "registry+https://github.com/rust-lang/crates.io-index"

[[package]]
name = "block-cipher-trait"
version = "0.6.1"
source = "registry+https://github.com/rust-lang/crates.io-index"
dependencies = [
 "generic-array 0.12.0 (registry+https://github.com/rust-lang/crates.io-index)",
]

[[package]]
name = "block-modes"
version = "0.2.0"
source = "registry+https://github.com/rust-lang/crates.io-index"
dependencies = [
 "block-cipher-trait 0.6.1 (registry+https://github.com/rust-lang/crates.io-index)",
 "block-padding 0.1.2 (registry+https://github.com/rust-lang/crates.io-index)",
]

[[package]]
name = "block-padding"
version = "0.1.2"
source = "registry+https://github.com/rust-lang/crates.io-index"
dependencies = [
 "byte-tools 0.3.0 (registry+https://github.com/rust-lang/crates.io-index)",
]

[[package]]
name = "byte-tools"
version = "0.3.0"
source = "registry+https://github.com/rust-lang/crates.io-index"

[[package]]
name = "byteorder"
version = "1.2.7"
source = "registry+https://github.com/rust-lang/crates.io-index"

[[package]]
name = "generic-array"
version = "0.12.0"
source = "registry+https://github.com/rust-lang/crates.io-index"
dependencies = [
 "typenum 1.10.0 (registry+https://github.com/rust-lang/crates.io-index)",
]

[[package]]
name = "matasano"
version = "0.1.0"
dependencies = [
 "aes 0.3.1 (registry+https://github.com/rust-lang/crates.io-index)",
 "assert_approx_eq 1.0.0 (registry+https://github.com/rust-lang/crates.io-index)",
 "block-modes 0.2.0 (registry+https://github.com/rust-lang/crates.io-index)",
]

[[package]]
name = "opaque-debug"
version = "0.2.1"
source = "registry+https://github.com/rust-lang/crates.io-index"

[[package]]
name = "typenum"
version = "1.10.0"
source = "registry+https://github.com/rust-lang/crates.io-index"

[metadata]
"checksum aes 0.3.1 (registry+https://github.com/rust-lang/crates.io-index)" = "efc57804fcd4ac04dae62b2f6d7f33bbbb8fd400efed3e5ad6adef0dd667a9f0"
"checksum aes-soft 0.3.2 (registry+https://github.com/rust-lang/crates.io-index)" = "acdc19c789666840bb86d1df8ee1f458418f74a6b9c8f10538fb700de5829cb8"
"checksum aesni 0.5.1 (registry+https://github.com/rust-lang/crates.io-index)" = "ea93ee7c249d885b395fca6181fd6416f0249b1a0a7c7a2e8bfd6b74cebd2f82"
"checksum assert_approx_eq 1.0.0 (registry+https://github.com/rust-lang/crates.io-index)" = "1a38a0dd5749f34b8a61d7c1cc47e68c7955676bd17e1b25dd1d30901c556655"
"checksum block-cipher-trait 0.6.1 (registry+https://github.com/rust-lang/crates.io-index)" = "30668a4dc25ca695ad6f4c4734b96b0a4414a87158eefeec04155bcef580a3de"
"checksum block-modes 0.2.0 (registry+https://github.com/rust-lang/crates.io-index)" = "283fa06a14026feac8912bf35328fc074f5d68907fd4b9cccad5658a3fc62a30"
"checksum block-padding 0.1.2 (registry+https://github.com/rust-lang/crates.io-index)" = "4fc4358306e344bf9775d0197fd00d2603e5afb0771bb353538630f022068ea3"
"checksum byte-tools 0.3.0 (registry+https://github.com/rust-lang/crates.io-index)" = "980479e6fde23246dfb54d47580d66b4e99202e7579c5eaa9fe10ecb5ebd2182"
"checksum byteorder 1.2.7 (registry+https://github.com/rust-lang/crates.io-index)" = "94f88df23a25417badc922ab0f5716cc1330e87f71ddd9203b3a3ccd9cedf75d"
"checksum generic-array 0.12.0 (registry+https://github.com/rust-lang/crates.io-index)" = "3c0f28c2f5bfb5960175af447a2da7c18900693738343dc896ffbcabd9839592"
"checksum opaque-debug 0.2.1 (registry+https://github.com/rust-lang/crates.io-index)" = "51ecbcb821e1bd256d456fe858aaa7f380b63863eab2eb86eee1bd9f33dd6682"
"checksum typenum 1.10.0 (registry+https://github.com/rust-lang/crates.io-index)" = "612d636f949607bdf9b123b4a6f6d966dedf3ff669f7f045890d3a4a73948169"
